
Microsoft Visual Studio Solution File, Format Version 12.00
# Visual Studio Version 17
VisualStudioVersion = 17.4.33110.190
MinimumVisualStudioVersion = 10.0.40219.1
Project("{9A19103F-16F7-4668-BE54-9A1E7A4F7556}") = "TaskMaster.Api", "TaskMaster.Api\TaskMaster.Api.csproj", "{4809A85B-C14B-4E56-8EAA-AF5066C3D09C}"
EndProject
Project("{9A19103F-16F7-4668-BE54-9A1E7A4F7556}") = "TaskMaster.Infrastructure", "TaskMaster.Infrastructure\TaskMaster.Infrastructure.csproj", "{062CCA95-DF89-4FF2-96E4-EBC2B0E43DF3}"
EndProject
Project("{9A19103F-16F7-4668-BE54-9A1E7A4F7556}") = "TaskMaster.Application", "TaskMaster.Domain\TaskMaster.Application.csproj", "{2E463110-1DE0-4241-B18F-B42FEB28EB2C}"
EndProject
Project("{2150E333-8FDC-42A3-9474-1A3956D46DE8}") = "Modules", "Modules", "{970A1D31-234E-4040-9319-FE0B85689BF7}"
EndProject
Project("{9A19103F-16F7-4668-BE54-9A1E7A4F7556}") = "TaskMaster.Shared", "TaskMaster.Shared\TaskMaster.Shared.csproj", "{BCD0714F-4DD9-4878-AD32-4CC9DEB9B1EB}"
EndProject
Project("{9A19103F-16F7-4668-BE54-9A1E7A4F7556}") = "TaskMaster.Swagger", "TaskMaster.Swagger\TaskMaster.Swagger.csproj", "{B80AB3BF-686C-49DF-A452-DF0D12917583}"
EndProject
Project("{2150E333-8FDC-42A3-9474-1A3956D46DE8}") = "Solution Items", "Solution Items", "{152CD245-F8A6-46E1-A703-F6AC5F8044F0}"
	ProjectSection(SolutionItems) = preProject
		Directory.Build.props = Directory.Build.props
		Directory.Packages.props = Directory.Packages.props
	EndProjectSection
EndProject
Global
	GlobalSection(SolutionConfigurationPlatforms) = preSolution
		Debug|Any CPU = Debug|Any CPU
		Release|Any CPU = Release|Any CPU
	EndGlobalSection
	GlobalSection(ProjectConfigurationPlatforms) = postSolution
		{4809A85B-C14B-4E56-8EAA-AF5066C3D09C}.Debug|Any CPU.ActiveCfg = Debug|Any CPU
		{4809A85B-C14B-4E56-8EAA-AF5066C3D09C}.Debug|Any CPU.Build.0 = Debug|Any CPU
		{4809A85B-C14B-4E56-8EAA-AF5066C3D09C}.Release|Any CPU.ActiveCfg = Release|Any CPU
		{4809A85B-C14B-4E56-8EAA-AF5066C3D09C}.Release|Any CPU.Build.0 = Release|Any CPU
		{062CCA95-DF89-4FF2-96E4-EBC2B0E43DF3}.Debug|Any CPU.ActiveCfg = Debug|Any CPU
		{062CCA95-DF89-4FF2-96E4-EBC2B0E43DF3}.Debug|Any CPU.Build.0 = Debug|Any CPU
		{062CCA95-DF89-4FF2-96E4-EBC2B0E43DF3}.Release|Any CPU.ActiveCfg = Release|Any CPU
		{062CCA95-DF89-4FF2-96E4-EBC2B0E43DF3}.Release|Any CPU.Build.0 = Release|Any CPU
		{2E463110-1DE0-4241-B18F-B42FEB28EB2C}.Debug|Any CPU.ActiveCfg = Debug|Any CPU
		{2E463110-1DE0-4241-B18F-B42FEB28EB2C}.Debug|Any CPU.Build.0 = Debug|Any CPU
		{2E463110-1DE0-4241-B18F-B42FEB28EB2C}.Release|Any CPU.ActiveCfg = Release|Any CPU
		{2E463110-1DE0-4241-B18F-B42FEB28EB2C}.Release|Any CPU.Build.0 = Release|Any CPU
		{BCD0714F-4DD9-4878-AD32-4CC9DEB9B1EB}.Debug|Any CPU.ActiveCfg = Debug|Any CPU
		{BCD0714F-4DD9-4878-AD32-4CC9DEB9B1EB}.Debug|Any CPU.Build.0 = Debug|Any CPU
		{BCD0714F-4DD9-4878-AD32-4CC9DEB9B1EB}.Release|Any CPU.ActiveCfg = Release|Any CPU
		{BCD0714F-4DD9-4878-AD32-4CC9DEB9B1EB}.Release|Any CPU.Build.0 = Release|Any CPU
		{B80AB3BF-686C-49DF-A452-DF0D12917583}.Debug|Any CPU.ActiveCfg = Debug|Any CPU
		{B80AB3BF-686C-49DF-A452-DF0D12917583}.Debug|Any CPU.Build.0 = Debug|Any CPU
		{B80AB3BF-686C-49DF-A452-DF0D12917583}.Release|Any CPU.ActiveCfg = Release|Any CPU
		{B80AB3BF-686C-49DF-A452-DF0D12917583}.Release|Any CPU.Build.0 = Release|Any CPU
	EndGlobalSection
	GlobalSection(SolutionProperties) = preSolution
		HideSolutionNode = FALSE
	EndGlobalSection
	GlobalSection(NestedProjects) = preSolution
		{B80AB3BF-686C-49DF-A452-DF0D12917583} = {970A1D31-234E-4040-9319-FE0B85689BF7}
	EndGlobalSection
	GlobalSection(ExtensibilityGlobals) = postSolution
		SolutionGuid = {06BDA0F1-3D39-4FE4-82D2-6B438877A0B9}
	EndGlobalSection
EndGlobal
